// !$*UTF8*$!
{
	archiveVersion = 1;
	classes = {
	};
	objectVersion = 77;
	objects = {

/* Begin PBXContainerItemProxy section */
		7AE0BDCB2D01D13B00C8B98A /* PBXContainerItemProxy */ = {
			isa = PBXContainerItemProxy;
			containerPortal = 7AE0BDAC2D01D13500C8B98A /* Project object */;
			proxyType = 1;
			remoteGlobalIDString = 7AE0BDB32D01D13600C8B98A;
			remoteInfo = "Tile Game";
		};
		7AE0BDD52D01D13B00C8B98A /* PBXContainerItemProxy */ = {
			isa = PBXContainerItemProxy;
			containerPortal = 7AE0BDAC2D01D13500C8B98A /* Project object */;
			proxyType = 1;
			remoteGlobalIDString = 7AE0BDB32D01D13600C8B98A;
			remoteInfo = "Tile Game";
		};
/* End PBXContainerItemProxy section */

/* Begin PBXFileReference section */
		7AE0BDB42D01D13600C8B98A /* Tile Game.app */ = {isa = PBXFileReference; explicitFileType = wrapper.application; includeInIndex = 0; path = "Tile Game.app"; sourceTree = BUILT_PRODUCTS_DIR; };
		7AE0BDCA2D01D13B00C8B98A /* Tile GameTests.xctest */ = {isa = PBXFileReference; explicitFileType = wrapper.cfbundle; includeInIndex = 0; path = "Tile GameTests.xctest"; sourceTree = BUILT_PRODUCTS_DIR; };
		7AE0BDD42D01D13B00C8B98A /* Tile GameUITests.xctest */ = {isa = PBXFileReference; explicitFileType = wrapper.cfbundle; includeInIndex = 0; path = "Tile GameUITests.xctest"; sourceTree = BUILT_PRODUCTS_DIR; };
/* End PBXFileReference section */

/* Begin PBXFileSystemSynchronizedBuildFileExceptionSet section */
		7AE0BDDC2D01D13B00C8B98A /* Exceptions for "Tile Game" folder in "Tile Game" target */ = {
			isa = PBXFileSystemSynchronizedBuildFileExceptionSet;
			membershipExceptions = (
				Info.plist,
			);
			target = 7AE0BDB32D01D13600C8B98A /* Tile Game */;
		};
/* End PBXFileSystemSynchronizedBuildFileExceptionSet section */

/* Begin PBXFileSystemSynchronizedRootGroup section */
		7AE0BDB62D01D13600C8B98A /* Tile Game */ = {
			isa = PBXFileSystemSynchronizedRootGroup;
			exceptions = (
				7AE0BDDC2D01D13B00C8B98A /* Exceptions for "Tile Game" folder in "Tile Game" target */,
			);
			path = "Tile Game";
			sourceTree = "<group>";
		};
		7AE0BDCD2D01D13B00C8B98A /* Tile GameTests */ = {
			isa = PBXFileSystemSynchronizedRootGroup;
			path = "Tile GameTests";
			sourceTree = "<group>";
		};
		7AE0BDD72D01D13B00C8B98A /* Tile GameUITests */ = {
			isa = PBXFileSystemSynchronizedRootGroup;
			path = "Tile GameUITests";
			sourceTree = "<group>";
		};
/* End PBXFileSystemSynchronizedRootGroup section */

/* Begin PBXFrameworksBuildPhase section */
		7AE0BDB12D01D13600C8B98A /* Frameworks */ = {
			isa = PBXFrameworksBuildPhase;
			buildActionMask = 2147483647;
			files = (
			);
			runOnlyForDeploymentPostprocessing = 0;
		};
		7AE0BDC72D01D13B00C8B98A /* Frameworks */ = {
			isa = PBXFrameworksBuildPhase;
			buildActionMask = 2147483647;
			files = (
			);
			runOnlyForDeploymentPostprocessing = 0;
		};
		7AE0BDD12D01D13B00C8B98A /* Frameworks */ = {
			isa = PBXFrameworksBuildPhase;
			buildActionMask = 2147483647;
			files = (
			);
			runOnlyForDeploymentPostprocessing = 0;
		};
/* End PBXFrameworksBuildPhase section */

/* Begin PBXGroup section */
		7AE0BDAB2D01D13500C8B98A = {
			isa = PBXGroup;
			children = (
				7AE0BDB62D01D13600C8B98A /* Tile Game */,
				7AE0BDCD2D01D13B00C8B98A /* Tile GameTests */,
				7AE0BDD72D01D13B00C8B98A /* Tile GameUITests */,
				7AE0BDB52D01D13600C8B98A /* Products */,
			);
			sourceTree = "<group>";
		};
		7AE0BDB52D01D13600C8B98A /* Products */ = {
			isa = PBXGroup;
			children = (
				7AE0BDB42D01D13600C8B98A /* Tile Game.app */,
				7AE0BDCA2D01D13B00C8B98A /* Tile GameTests.xctest */,
				7AE0BDD42D01D13B00C8B98A /* Tile GameUITests.xctest */,
			);
			name = Products;
			sourceTree = "<group>";
		};
/* End PBXGroup section */

/* Begin PBXNativeTarget section */
		7AE0BDB32D01D13600C8B98A /* Tile Game */ = {
			isa = PBXNativeTarget;
			buildConfigurationList = 7AE0BDDD2D01D13B00C8B98A /* Build configuration list for PBXNativeTarget "Tile Game" */;
			buildPhases = (
				7AE0BDB02D01D13600C8B98A /* Sources */,
				7AE0BDB12D01D13600C8B98A /* Frameworks */,
				7AE0BDB22D01D13600C8B98A /* Resources */,
			);
			buildRules = (
			);
			dependencies = (
			);
			fileSystemSynchronizedGroups = (
				7AE0BDB62D01D13600C8B98A /* Tile Game */,
			);
			name = "Tile Game";
			packageProductDependencies = (
			);
			productName = "Tile Game";
			productReference = 7AE0BDB42D01D13600C8B98A /* Tile Game.app */;
			productType = "com.apple.product-type.application";
		};
		7AE0BDC92D01D13B00C8B98A /* Tile GameTests */ = {
			isa = PBXNativeTarget;
			buildConfigurationList = 7AE0BDE22D01D13B00C8B98A /* Build configuration list for PBXNativeTarget "Tile GameTests" */;
			buildPhases = (
				7AE0BDC62D01D13B00C8B98A /* Sources */,
				7AE0BDC72D01D13B00C8B98A /* Frameworks */,
				7AE0BDC82D01D13B00C8B98A /* Resources */,
			);
			buildRules = (
			);
			dependencies = (
				7AE0BDCC2D01D13B00C8B98A /* PBXTargetDependency */,
			);
			fileSystemSynchronizedGroups = (
				7AE0BDCD2D01D13B00C8B98A /* Tile GameTests */,
			);
			name = "Tile GameTests";
			packageProductDependencies = (
			);
			productName = "Tile GameTests";
			productReference = 7AE0BDCA2D01D13B00C8B98A /* Tile GameTests.xctest */;
			productType = "com.apple.product-type.bundle.unit-test";
		};
		7AE0BDD32D01D13B00C8B98A /* Tile GameUITests */ = {
			isa = PBXNativeTarget;
			buildConfigurationList = 7AE0BDE52D01D13B00C8B98A /* Build configuration list for PBXNativeTarget "Tile GameUITests" */;
			buildPhases = (
				7AE0BDD02D01D13B00C8B98A /* Sources */,
				7AE0BDD12D01D13B00C8B98A /* Frameworks */,
				7AE0BDD22D01D13B00C8B98A /* Resources */,
			);
			buildRules = (
			);
			dependencies = (
				7AE0BDD62D01D13B00C8B98A /* PBXTargetDependency */,
			);
			fileSystemSynchronizedGroups = (
				7AE0BDD72D01D13B00C8B98A /* Tile GameUITests */,
			);
			name = "Tile GameUITests";
			packageProductDependencies = (
			);
			productName = "Tile GameUITests";
			productReference = 7AE0BDD42D01D13B00C8B98A /* Tile GameUITests.xctest */;
			productType = "com.apple.product-type.bundle.ui-testing";
		};
/* End PBXNativeTarget section */

/* Begin PBXProject section */
		7AE0BDAC2D01D13500C8B98A /* Project object */ = {
			isa = PBXProject;
			attributes = {
				BuildIndependentTargetsInParallel = 1;
				LastSwiftUpdateCheck = 1610;
				LastUpgradeCheck = 1610;
				TargetAttributes = {
					7AE0BDB32D01D13600C8B98A = {
						CreatedOnToolsVersion = 16.1;
					};
					7AE0BDC92D01D13B00C8B98A = {
						CreatedOnToolsVersion = 16.1;
						TestTargetID = 7AE0BDB32D01D13600C8B98A;
					};
					7AE0BDD32D01D13B00C8B98A = {
						CreatedOnToolsVersion = 16.1;
						TestTargetID = 7AE0BDB32D01D13600C8B98A;
					};
				};
			};
			buildConfigurationList = 7AE0BDAF2D01D13500C8B98A /* Build configuration list for PBXProject "Tile Game" */;
			developmentRegion = en;
			hasScannedForEncodings = 0;
			knownRegions = (
				en,
				Base,
			);
			mainGroup = 7AE0BDAB2D01D13500C8B98A;
			minimizedProjectReferenceProxies = 1;
			preferredProjectObjectVersion = 77;
			productRefGroup = 7AE0BDB52D01D13600C8B98A /* Products */;
			projectDirPath = "";
			projectRoot = "";
			targets = (
				7AE0BDB32D01D13600C8B98A /* Tile Game */,
				7AE0BDC92D01D13B00C8B98A /* Tile GameTests */,
				7AE0BDD32D01D13B00C8B98A /* Tile GameUITests */,
			);
		};
/* End PBXProject section */

/* Begin PBXResourcesBuildPhase section */
		7AE0BDB22D01D13600C8B98A /* Resources */ = {
			isa = PBXResourcesBuildPhase;
			buildActionMask = 2147483647;
			files = (
			);
			runOnlyForDeploymentPostprocessing = 0;
		};
		7AE0BDC82D01D13B00C8B98A /* Resources */ = {
			isa = PBXResourcesBuildPhase;
			buildActionMask = 2147483647;
			files = (
			);
			runOnlyForDeploymentPostprocessing = 0;
		};
		7AE0BDD22D01D13B00C8B98A /* Resources */ = {
			isa = PBXResourcesBuildPhase;
			buildActionMask = 2147483647;
			files = (
			);
			runOnlyForDeploymentPostprocessing = 0;
		};
/* End PBXResourcesBuildPhase section */

/* Begin PBXSourcesBuildPhase section */
		7AE0BDB02D01D13600C8B98A /* Sources */ = {
			isa = PBXSourcesBuildPhase;
			buildActionMask = 2147483647;
			files = (
			);
			runOnlyForDeploymentPostprocessing = 0;
		};
		7AE0BDC62D01D13B00C8B98A /* Sources */ = {
			isa = PBXSourcesBuildPhase;
			buildActionMask = 2147483647;
			files = (
			);
			runOnlyForDeploymentPostprocessing = 0;
		};
		7AE0BDD02D01D13B00C8B98A /* Sources */ = {
			isa = PBXSourcesBuildPhase;
			buildActionMask = 2147483647;
			files = (
			);
			runOnlyForDeploymentPostprocessing = 0;
		};
/* End PBXSourcesBuildPhase section */

/* Begin PBXTargetDependency section */
		7AE0BDCC2D01D13B00C8B98A /* PBXTargetDependency */ = {
			isa = PBXTargetDependency;
			target = 7AE0BDB32D01D13600C8B98A /* Tile Game */;
			targetProxy = 7AE0BDCB2D01D13B00C8B98A /* PBXContainerItemProxy */;
		};
		7AE0BDD62D01D13B00C8B98A /* PBXTargetDependency */ = {
			isa = PBXTargetDependency;
			target = 7AE0BDB32D01D13600C8B98A /* Tile Game */;
			targetProxy = 7AE0BDD52D01D13B00C8B98A /* PBXContainerItemProxy */;
		};
/* End PBXTargetDependency section */

/* Begin XCBuildConfiguration section */
		7AE0BDDE2D01D13B00C8B98A /* Debug */ = {
			isa = XCBuildConfiguration;
			buildSettings = {
				ASSETCATALOG_COMPILER_APPICON_NAME = AppIcon;
				ASSETCATALOG_COMPILER_GLOBAL_ACCENT_COLOR_NAME = AccentColor;
				CODE_SIGN_STYLE = Automatic;
				CURRENT_PROJECT_VERSION = 1;
				GENERATE_INFOPLIST_FILE = YES;
				INFOPLIST_FILE = "Tile Game/Info.plist";
				INFOPLIST_KEY_UIApplicationSupportsIndirectInputEvents = YES;
				INFOPLIST_KEY_UILaunchStoryboardName = LaunchScreen;
				INFOPLIST_KEY_UIMainStoryboardFile = Main;
				INFOPLIST_KEY_UISupportedInterfaceOrientations_iPad = "UIInterfaceOrientationPortrait UIInterfaceOrientationPortraitUpsideDown UIInterfaceOrientationLandscapeLeft UIInterfaceOrientationLandscapeRight";
				INFOPLIST_KEY_UISupportedInterfaceOrientations_iPhone = "UIInterfaceOrientationPortrait UIInterfaceOrientationLandscapeLeft UIInterfaceOrientationLandscapeRight";
				LD_RUNPATH_SEARCH_PATHS = (
					"$(inherited)",
					"@executable_path/Frameworks",
				);
				MARKETING_VERSION = 1.0;
				PRODUCT_BUNDLE_IDENTIFIER = "Brendon.Tile-Game";
				PRODUCT_NAME = "$(TARGET_NAME)";
				SWIFT_EMIT_LOC_STRINGS = YES;
				SWIFT_VERSION = 5.0;
				TARGETED_DEVICE_FAMILY = "1,2";
			};
			name = Debug;
		};
		7AE0BDDF2D01D13B00C8B98A /* Release */ = {
			isa = XCBuildConfiguration;
			buildSettings = {
				ASSETCATALOG_COMPILER_APPICON_NAME = AppIcon;
				ASSETCATALOG_COMPILER_GLOBAL_ACCENT_COLOR_NAME = AccentColor;
				CODE_SIGN_STYLE = Automatic;
				CURRENT_PROJECT_VERSION = 1;
				GENERATE_INFOPLIST_FILE = YES;
				INFOPLIST_FILE = "Tile Game/Info.plist";
				INFOPLIST_KEY_UIApplicationSupportsIndirectInputEvents = YES;
				INFOPLIST_KEY_UILaunchStoryboardName = LaunchScreen;
				INFOPLIST_KEY_UIMainStoryboardFile = Main;
				INFOPLIST_KEY_UISupportedInterfaceOrientations_iPad = "UIInterfaceOrientationPortrait UIInterfaceOrientationPortraitUpsideDown UIInterfaceOrientationLandscapeLeft UIInterfaceOrientationLandscapeRight";
				INFOPLIST_KEY_UISupportedInterfaceOrientations_iPhone = "UIInterfaceOrientationPortrait UIInterfaceOrientationLandscapeLeft UIInterfaceOrientationLandscapeRight";
				LD_RUNPATH_SEARCH_PATHS = (
					"$(inherited)",
					"@executable_path/Frameworks",
				);
				MARKETING_VERSION = 1.0;
				PRODUCT_BUNDLE_IDENTIFIER = "Brendon.Tile-Game";
				PRODUCT_NAME = "$(TARGET_NAME)";
				SWIFT_EMIT_LOC_STRINGS = YES;
				SWIFT_VERSION = 5.0;
				TARGETED_DEVICE_FAMILY = "1,2";
			};
			name = Release;
		};
		7AE0BDE02D01D13B00C8B98A /* Debug */ = {
			isa = XCBuildConfiguration;
			buildSettings = {
				ALWAYS_SEARCH_USER_PATHS = NO;
				ASSETCATALOG_COMPILER_GENERATE_SWIFT_ASSET_SYMBOL_EXTENSIONS = YES;
				CLANG_ANALYZER_NONNULL = YES;
				CLANG_ANALYZER_NUMBER_OBJECT_CONVERSION = YES_AGGRESSIVE;
				CLANG_CXX_LANGUAGE_STANDARD = "gnu++20";
				CLANG_ENABLE_MODULES = YES;
				CLANG_ENABLE_OBJC_ARC = YES;
				CLANG_ENABLE_OBJC_WEAK = YES;
				CLANG_WARN_BLOCK_CAPTURE_AUTORELEASING = YES;
				CLANG_WARN_BOOL_CONVERSION = YES;
				CLANG_WARN_COMMA = YES;
				CLANG_WARN_CONSTANT_CONVERSION = YES;
				CLANG_WARN_DEPRECATED_OBJC_IMPLEMENTATIONS = YES;
				CLANG_WARN_DIRECT_OBJC_ISA_USAGE = YES_ERROR;
				CLANG_WARN_DOCUMENTATION_COMMENTS = YES;
				CLANG_WARN_EMPTY_BODY = YES;
				CLANG_WARN_ENUM_CONVERSION = YES;
				CLANG_WARN_INFINITE_RECURSION = YES;
				CLANG_WARN_INT_CONVERSION = YES;
				CLANG_WARN_NON_LITERAL_NULL_CONVERSION = YES;
				CLANG_WARN_OBJC_IMPLICIT_RETAIN_SELF = YES;
				CLANG_WARN_OBJC_LITERAL_CONVERSION = YES;
				CLANG_WARN_OBJC_ROOT_CLASS = YES_ERROR;
				CLANG_WARN_QUOTED_INCLUDE_IN_FRAMEWORK_HEADER = YES;
				CLANG_WARN_RANGE_LOOP_ANALYSIS = YES;
				CLANG_WARN_STRICT_PROTOTYPES = YES;
				CLANG_WARN_SUSPICIOUS_MOVE = YES;
				CLANG_WARN_UNGUARDED_AVAILABILITY = YES_AGGRESSIVE;
				CLANG_WARN_UNREACHABLE_CODE = YES;
				CLANG_WARN__DUPLICATE_METHOD_MATCH = YES;
				COPY_PHASE_STRIP = NO;
				DEBUG_INFORMATION_FORMAT = dwarf;
				ENABLE_STRICT_OBJC_MSGSEND = YES;
				ENABLE_TESTABILITY = YES;
				ENABLE_USER_SCRIPT_SANDBOXING = YES;
				GCC_C_LANGUAGE_STANDARD = gnu17;
				GCC_DYNAMIC_NO_PIC = NO;
				GCC_NO_COMMON_BLOCKS = YES;
				GCC_OPTIMIZATION_LEVEL = 0;
				GCC_PREPROCESSOR_DEFINITIONS = (
					"DEBUG=1",
					"$(inherited)",
				);
				GCC_WARN_64_TO_32_BIT_CONVERSION = YES;
				GCC_WARN_ABOUT_RETURN_TYPE = YES_ERROR;
				GCC_WARN_UNDECLARED_SELECTOR = YES;
				GCC_WARN_UNINITIALIZED_AUTOS = YES_AGGRESSIVE;
				GCC_WARN_UNUSED_FUNCTION = YES;
				GCC_WARN_UNUSED_VARIABLE = YES;
				IPHONEOS_DEPLOYMENT_TARGET = 18.1;
				LOCALIZATION_PREFERS_STRING_CATALOGS = YES;
				MTL_ENABLE_DEBUG_INFO = INCLUDE_SOURCE;
				MTL_FAST_MATH = YES;
				ONLY_ACTIVE_ARCH = YES;
				SDKROOT = iphoneos;
				SWIFT_ACTIVE_COMPILATION_CONDITIONS = "DEBUG $(inherited)";
				SWIFT_OPTIMIZATION_LEVEL = "-Onone";
			};
			name = Debug;
		};
		7AE0BDE12D01D13B00C8B98A /* Release */ = {
			isa = XCBuildConfiguration;
			buildSettings = {
				ALWAYS_SEARCH_USER_PATHS = NO;
				ASSETCATALOG_COMPILER_GENERATE_SWIFT_ASSET_SYMBOL_EXTENSIONS = YES;
				CLANG_ANALYZER_NONNULL = YES;
				CLANG_ANALYZER_NUMBER_OBJECT_CONVERSION = YES_AGGRESSIVE;
				CLANG_CXX_LANGUAGE_STANDARD = "gnu++20";
				CLANG_ENABLE_MODULES = YES;
				CLANG_ENABLE_OBJC_ARC = YES;
				CLANG_ENABLE_OBJC_WEAK = YES;
				CLANG_WARN_BLOCK_CAPTURE_AUTORELEASING = YES;
				CLANG_WARN_BOOL_CONVERSION = YES;
				CLANG_WARN_COMMA = YES;
				CLANG_WARN_CONSTANT_CONVERSION = YES;
				CLANG_WARN_DEPRECATED_OBJC_IMPLEMENTATIONS = YES;
				CLANG_WARN_DIRECT_OBJC_ISA_USAGE = YES_ERROR;
				CLANG_WARN_DOCUMENTATION_COMMENTS = YES;
				CLANG_WARN_EMPTY_BODY = YES;
				CLANG_WARN_ENUM_CONVERSION = YES;
				CLANG_WARN_INFINITE_RECURSION = YES;
				CLANG_WARN_INT_CONVERSION = YES;
				CLANG_WARN_NON_LITERAL_NULL_CONVERSION = YES;
				CLANG_WARN_OBJC_IMPLICIT_RETAIN_SELF = YES;
				CLANG_WARN_OBJC_LITERAL_CONVERSION = YES;
				CLANG_WARN_OBJC_ROOT_CLASS = YES_ERROR;
				CLANG_WARN_QUOTED_INCLUDE_IN_FRAMEWORK_HEADER = YES;
				CLANG_WARN_RANGE_LOOP_ANALYSIS = YES;
				CLANG_WARN_STRICT_PROTOTYPES = YES;
				CLANG_WARN_SUSPICIOUS_MOVE = YES;
				CLANG_WARN_UNGUARDED_AVAILABILITY = YES_AGGRESSIVE;
				CLANG_WARN_UNREACHABLE_CODE = YES;
				CLANG_WARN__DUPLICATE_METHOD_MATCH = YES;
				COPY_PHASE_STRIP = NO;
				DEBUG_INFORMATION_FORMAT = "dwarf-with-dsym";
				ENABLE_NS_ASSERTIONS = NO;
				ENABLE_STRICT_OBJC_MSGSEND = YES;
				ENABLE_USER_SCRIPT_SANDBOXING = YES;
				GCC_C_LANGUAGE_STANDARD = gnu17;
				GCC_NO_COMMON_BLOCKS = YES;
				GCC_WARN_64_TO_32_BIT_CONVERSION = YES;
				GCC_WARN_ABOUT_RETURN_TYPE = YES_ERROR;
				GCC_WARN_UNDECLARED_SELECTOR = YES;
				GCC_WARN_UNINITIALIZED_AUTOS = YES_AGGRESSIVE;
				GCC_WARN_UNUSED_FUNCTION = YES;
				GCC_WARN_UNUSED_VARIABLE = YES;
				IPHONEOS_DEPLOYMENT_TARGET = 18.1;
				LOCALIZATION_PREFERS_STRING_CATALOGS = YES;
				MTL_ENABLE_DEBUG_INFO = NO;
				MTL_FAST_MATH = YES;
				SDKROOT = iphoneos;
				SWIFT_COMPILATION_MODE = wholemodule;
				VALIDATE_PRODUCT = YES;
			};
			name = Release;
		};
		7AE0BDE32D01D13B00C8B98A /* Debug */ = {
			isa = XCBuildConfiguration;
			buildSettings = {
				BUNDLE_LOADER = "$(TEST_HOST)";
				CODE_SIGN_STYLE = Automatic;
				CURRENT_PROJECT_VERSION = 1;
				GENERATE_INFOPLIST_FILE = YES;
				IPHONEOS_DEPLOYMENT_TARGET = 18.1;
				MARKETING_VERSION = 1.0;
				PRODUCT_BUNDLE_IDENTIFIER = "Brendon.Tile-GameTests";
				PRODUCT_NAME = "$(TARGET_NAME)";
				SWIFT_EMIT_LOC_STRINGS = NO;
				SWIFT_VERSION = 5.0;
				TARGETED_DEVICE_FAMILY = "1,2";
				TEST_HOST = "$(BUILT_PRODUCTS_DIR)/Tile Game.app/$(BUNDLE_EXECUTABLE_FOLDER_PATH)/Tile Game";
			};
			name = Debug;
		};
		7AE0BDE42D01D13B00C8B98A /* Release */ = {
			isa = XCBuildConfiguration;
			buildSettings = {
				BUNDLE_LOADER = "$(TEST_HOST)";
				CODE_SIGN_STYLE = Automatic;
				CURRENT_PROJECT_VERSION = 1;
				GENERATE_INFOPLIST_FILE = YES;
				IPHONEOS_DEPLOYMENT_TARGET = 18.1;
				MARKETING_VERSION = 1.0;
				PRODUCT_BUNDLE_IDENTIFIER = "Brendon.Tile-GameTests";
				PRODUCT_NAME = "$(TARGET_NAME)";
				SWIFT_EMIT_LOC_STRINGS = NO;
				SWIFT_VERSION = 5.0;
				TARGETED_DEVICE_FAMILY = "1,2";
				TEST_HOST = "$(BUILT_PRODUCTS_DIR)/Tile Game.app/$(BUNDLE_EXECUTABLE_FOLDER_PATH)/Tile Game";
			};
			name = Release;
		};
		7AE0BDE62D01D13B00C8B98A /* Debug */ = {
			isa = XCBuildConfiguration;
			buildSettings = {
				CODE_SIGN_STYLE = Automatic;
				CURRENT_PROJECT_VERSION = 1;
				GENERATE_INFOPLIST_FILE = YES;
				MARKETING_VERSION = 1.0;
				PRODUCT_BUNDLE_IDENTIFIER = "Brendon.Tile-GameUITests";
				PRODUCT_NAME = "$(TARGET_NAME)";
				SWIFT_EMIT_LOC_STRINGS = NO;
				SWIFT_VERSION = 5.0;
				TARGETED_DEVICE_FAMILY = "1,2";
				TEST_TARGET_NAME = "Tile Game";
			};
			name = Debug;
		};
		7AE0BDE72D01D13B00C8B98A /* Release */ = {
			isa = XCBuildConfiguration;
			buildSettings = {
				CODE_SIGN_STYLE = Automatic;
				CURRENT_PROJECT_VERSION = 1;
				GENERATE_INFOPLIST_FILE = YES;
				MARKETING_VERSION = 1.0;
				PRODUCT_BUNDLE_IDENTIFIER = "Brendon.Tile-GameUITests";
				PRODUCT_NAME = "$(TARGET_NAME)";
				SWIFT_EMIT_LOC_STRINGS = NO;
				SWIFT_VERSION = 5.0;
				TARGETED_DEVICE_FAMILY = "1,2";
				TEST_TARGET_NAME = "Tile Game";
			};
			name = Release;
		};
/* End XCBuildConfiguration section */

/* Begin XCConfigurationList section */
		7AE0BDAF2D01D13500C8B98A /* Build configuration list for PBXProject "Tile Game" */ = {
			isa = XCConfigurationList;
			buildConfigurations = (
				7AE0BDE02D01D13B00C8B98A /* Debug */,
				7AE0BDE12D01D13B00C8B98A /* Release */,
			);
			defaultConfigurationIsVisible = 0;
			defaultConfigurationName = Release;
		};
		7AE0BDDD2D01D13B00C8B98A /* Build configuration list for PBXNativeTarget "Tile Game" */ = {
			isa = XCConfigurationList;
			buildConfigurations = (
				7AE0BDDE2D01D13B00C8B98A /* Debug */,
				7AE0BDDF2D01D13B00C8B98A /* Release */,
			);
			defaultConfigurationIsVisible = 0;
			defaultConfigurationName = Release;
		};
		7AE0BDE22D01D13B00C8B98A /* Build configuration list for PBXNativeTarget "Tile GameTests" */ = {
			isa = XCConfigurationList;
			buildConfigurations = (
				7AE0BDE32D01D13B00C8B98A /* Debug */,
				7AE0BDE42D01D13B00C8B98A /* Release */,
			);
			defaultConfigurationIsVisible = 0;
			defaultConfigurationName = Release;
		};
		7AE0BDE52D01D13B00C8B98A /* Build configuration list for PBXNativeTarget "Tile GameUITests" */ = {
			isa = XCConfigurationList;
			buildConfigurations = (
				7AE0BDE62D01D13B00C8B98A /* Debug */,
				7AE0BDE72D01D13B00C8B98A /* Release */,
			);
			defaultConfigurationIsVisible = 0;
			defaultConfigurationName = Release;
		};
/* End XCConfigurationList section */
	};
	rootObject = 7AE0BDAC2D01D13500C8B98A /* Project object */;
}
